// !$*UTF8*$!
{
	archiveVersion = 1;
	classes = {
	};
	objectVersion = 46;
	objects = {

/* Begin PBXBuildFile section */
		B11677EC1F75D845002B3716 /* main.swift in Sources */ = {isa = PBXBuildFile; fileRef = B11677EB1F75D845002B3716 /* main.swift */; };
		B11677F31F75DA91002B3716 /* dog.swift in Sources */ = {isa = PBXBuildFile; fileRef = B11677F21F75DA91002B3716 /* dog.swift */; };
		B11677F61F75DC74002B3716 /* hdog.swift in Sources */ = {isa = PBXBuildFile; fileRef = B11677F51F75DC74002B3716 /* hdog.swift */; };
/* End PBXBuildFile section */

/* Begin PBXCopyFilesBuildPhase section */
		B11677E61F75D845002B3716 /* CopyFiles */ = {
			isa = PBXCopyFilesBuildPhase;
			buildActionMask = 2147483647;
			dstPath = /usr/share/man/man1/;
			dstSubfolderSpec = 0;
			files = (
			);
			runOnlyForDeploymentPostprocessing = 1;
		};
/* End PBXCopyFilesBuildPhase section */

/* Begin PBXFileReference section */
		B11677E81F75D845002B3716 /* MessingAround */ = {isa = PBXFileReference; explicitFileType = "compiled.mach-o.executable"; includeInIndex = 0; path = MessingAround; sourceTree = BUILT_PRODUCTS_DIR; };
		B11677EB1F75D845002B3716 /* main.swift */ = {isa = PBXFileReference; lastKnownFileType = sourcecode.swift; path = main.swift; sourceTree = "<group>"; };
		B11677F21F75DA91002B3716 /* dog.swift */ = {isa = PBXFileReference; fileEncoding = 4; lastKnownFileType = sourcecode.swift; path = dog.swift; sourceTree = "<group>"; };
		B11677F51F75DC74002B3716 /* hdog.swift */ = {isa = PBXFileReference; fileEncoding = 4; lastKnownFileType = sourcecode.swift; path = hdog.swift; sourceTree = "<group>"; };
/* End PBXFileReference section */

/* Begin PBXFrameworksBuildPhase section */
		B11677E51F75D845002B3716 /* Frameworks */ = {
			isa = PBXFrameworksBuildPhase;
			buildActionMask = 2147483647;
			files = (
			);
			runOnlyForDeploymentPostprocessing = 0;
		};
/* End PBXFrameworksBuildPhase section */

/* Begin PBXGroup section */
		B11677DF1F75D845002B3716 = {
			isa = PBXGroup;
			children = (
				B11677EA1F75D845002B3716 /* MessingAround */,
				B11677E91F75D845002B3716 /* Products */,
			);
			sourceTree = "<group>";
		};
		B11677E91F75D845002B3716 /* Products */ = {
			isa = PBXGroup;
			children = (
				B11677E81F75D845002B3716 /* MessingAround */,
			);
			name = Products;
			sourceTree = "<group>";
		};
		B11677EA1F75D845002B3716 /* MessingAround */ = {
			isa = PBXGroup;
			children = (
				B11677F41F75DC5C002B3716 /* hotdog */,
				B11677EB1F75D845002B3716 /* main.swift */,
				B11677F21F75DA91002B3716 /* dog.swift */,
			);
			path = MessingAround;
			sourceTree = "<group>";
		};
		B11677F41F75DC5C002B3716 /* hotdog */ = {
			isa = PBXGroup;
			children = (
				B11677F51F75DC74002B3716 /* hdog.swift */,
			);
			name = hotdog;
			sourceTree = "<group>";
		};
/* End PBXGroup section */

/* Begin PBXNativeTarget section */
		B11677E71F75D845002B3716 /* MessingAround */ = {
			isa = PBXNativeTarget;
			buildConfigurationList = B11677EF1F75D845002B3716 /* Build configuration list for PBXNativeTarget "MessingAround" */;
			buildPhases = (
				B11677E41F75D845002B3716 /* Sources */,
				B11677E51F75D845002B3716 /* Frameworks */,
				B11677E61F75D845002B3716 /* CopyFiles */,
			);
			buildRules = (
			);
			dependencies = (
			);
			name = MessingAround;
			productName = MessingAround;
			productReference = B11677E81F75D845002B3716 /* MessingAround */;
			productType = "com.apple.product-type.tool";
		};
/* End PBXNativeTarget section */

/* Begin PBXProject section */
		B11677E01F75D845002B3716 /* Project object */ = {
			isa = PBXProject;
			attributes = {
				LastSwiftUpdateCheck = 0830;
				LastUpgradeCheck = 0830;
				ORGANIZATIONNAME = "Dominic Valenciana";
				TargetAttributes = {
					B11677E71F75D845002B3716 = {
						CreatedOnToolsVersion = 8.3.3;
						ProvisioningStyle = Automatic;
					};
				};
			};
			buildConfigurationList = B11677E31F75D845002B3716 /* Build configuration list for PBXProject "MessingAround" */;
			compatibilityVersion = "Xcode 3.2";
			developmentRegion = English;
			hasScannedForEncodings = 0;
			knownRegions = (
				en,
			);
			mainGroup = B11677DF1F75D845002B3716;
			productRefGroup = B11677E91F75D845002B3716 /* Products */;
			projectDirPath = "";
			projectRoot = "";
			targets = (
				B11677E71F75D845002B3716 /* MessingAround */,
			);
		};
/* End PBXProject section */

/* Begin PBXSourcesBuildPhase section */
		B11677E41F75D845002B3716 /* Sources */ = {
			isa = PBXSourcesBuildPhase;
			buildActionMask = 2147483647;
			files = (
				B11677F61F75DC74002B3716 /* hdog.swift in Sources */,
				B11677F31F75DA91002B3716 /* dog.swift in Sources */,
				B11677EC1F75D845002B3716 /* main.swift in Sources */,
			);
			runOnlyForDeploymentPostprocessing = 0;
		};
/* End PBXSourcesBuildPhase section */

/* Begin XCBuildConfiguration section */
		B11677ED1F75D845002B3716 /* Debug */ = {
			isa = XCBuildConfiguration;
			buildSettings = {
				ALWAYS_SEARCH_USER_PATHS = NO;
				CLANG_ANALYZER_NONNULL = YES;
				CLANG_ANALYZER_NUMBER_OBJECT_CONVERSION = YES_AGGRESSIVE;
				CLANG_CXX_LANGUAGE_STANDARD = "gnu++0x";
				CLANG_CXX_LIBRARY = "libc++";
				CLANG_ENABLE_MODULES = YES;
				CLANG_ENABLE_OBJC_ARC = YES;
				CLANG_WARN_BOOL_CONVERSION = YES;
				CLANG_WARN_CONSTANT_CONVERSION = YES;
				CLANG_WARN_DIRECT_OBJC_ISA_USAGE = YES_ERROR;
				CLANG_WARN_DOCUMENTATION_COMMENTS = YES;
				CLANG_WARN_EMPTY_BODY = YES;
				CLANG_WARN_ENUM_CONVERSION = YES;
				CLANG_WARN_INFINITE_RECURSION = YES;
				CLANG_WARN_INT_CONVERSION = YES;
				CLANG_WARN_OBJC_ROOT_CLASS = YES_ERROR;
				CLANG_WARN_SUSPICIOUS_MOVE = YES;
				CLANG_WARN_UNREACHABLE_CODE = YES;
				CLANG_WARN__DUPLICATE_METHOD_MATCH = YES;
				CODE_SIGN_IDENTITY = "-";
				COPY_PHASE_STRIP = NO;
				DEBUG_INFORMATION_FORMAT = dwarf;
				ENABLE_STRICT_OBJC_MSGSEND = YES;
				ENABLE_TESTABILITY = YES;
				GCC_C_LANGUAGE_STANDARD = gnu99;
				GCC_DYNAMIC_NO_PIC = NO;
				GCC_NO_COMMON_BLOCKS = YES;
				GCC_OPTIMIZATION_LEVEL = 0;
				GCC_PREPROCESSOR_DEFINITIONS = (
					"DEBUG=1",
					"$(inherited)",
				);
				GCC_WARN_64_TO_32_BIT_CONVERSION = YES;
				GCC_WARN_ABOUT_RETURN_TYPE = YES_ERROR;
				GCC_WARN_UNDECLARED_SELECTOR = YES;
				GCC_WARN_UNINITIALIZED_AUTOS = YES_AGGRESSIVE;
				GCC_WARN_UNUSED_FUNCTION = YES;
				GCC_WARN_UNUSED_VARIABLE = YES;
				MACOSX_DEPLOYMENT_TARGET = 10.12;
				MTL_ENABLE_DEBUG_INFO = YES;
				ONLY_ACTIVE_ARCH = YES;
				SDKROOT = macosx;
				SWIFT_OPTIMIZATION_LEVEL = "-Onone";
			};
			name = Debug;
		};
		B11677EE1F75D845002B3716 /* Release */ = {
			isa = XCBuildConfiguration;
			buildSettings = {
				ALWAYS_SEARCH_USER_PATHS = NO;
				CLANG_ANALYZER_NONNULL = YES;
				CLANG_ANALYZER_NUMBER_OBJECT_CONVERSION = YES_AGGRESSIVE;
				CLANG_CXX_LANGUAGE_STANDARD = "gnu++0x";
				CLANG_CXX_LIBRARY = "libc++";
				CLANG_ENABLE_MODULES = YES;
				CLANG_ENABLE_OBJC_ARC = YES;
				CLANG_WARN_BOOL_CONVERSION = YES;
				CLANG_WARN_CONSTANT_CONVERSION = YES;
				CLANG_WARN_DIRECT_OBJC_ISA_USAGE = YES_ERROR;
				CLANG_WARN_DOCUMENTATION_COMMENTS = YES;
				CLANG_WARN_EMPTY_BODY = YES;
				CLANG_WARN_ENUM_CONVERSION = YES;
				CLANG_WARN_INFINITE_RECURSION = YES;
				CLANG_WARN_INT_CONVERSION = YES;
				CLANG_WARN_OBJC_ROOT_CLASS = YES_ERROR;
				CLANG_WARN_SUSPICIOUS_MOVE = YES;
				CLANG_WARN_UNREACHABLE_CODE = YES;
				CLANG_WARN__DUPLICATE_METHOD_MATCH = YES;
				CODE_SIGN_IDENTITY = "-";
				COPY_PHASE_STRIP = NO;
				DEBUG_INFORMATION_FORMAT = "dwarf-with-dsym";
				ENABLE_NS_ASSERTIONS = NO;
				ENABLE_STRICT_OBJC_MSGSEND = YES;
				GCC_C_LANGUAGE_STANDARD = gnu99;
				GCC_NO_COMMON_BLOCKS = YES;
				GCC_WARN_64_TO_32_BIT_CONVERSION = YES;
				GCC_WARN_ABOUT_RETURN_TYPE = YES_ERROR;
				GCC_WARN_UNDECLARED_SELECTOR = YES;
				GCC_WARN_UNINITIALIZED_AUTOS = YES_AGGRESSIVE;
				GCC_WARN_UNUSED_FUNCTION = YES;
				GCC_WARN_UNUSED_VARIABLE = YES;
				MACOSX_DEPLOYMENT_TARGET = 10.12;
				MTL_ENABLE_DEBUG_INFO = NO;
				SDKROOT = macosx;
			};
			name = Release;
		};
		B11677F01F75D845002B3716 /* Debug */ = {
			isa = XCBuildConfiguration;
			buildSettings = {
				PRODUCT_NAME = "$(TARGET_NAME)";
				SWIFT_VERSION = 3.0;
			};
			name = Debug;
		};
		B11677F11F75D845002B3716 /* Release */ = {
			isa = XCBuildConfiguration;
			buildSettings = {
				PRODUCT_NAME = "$(TARGET_NAME)";
				SWIFT_VERSION = 3.0;
			};
			name = Release;
		};
/* End XCBuildConfiguration section */

/* Begin XCConfigurationList section */
		B11677E31F75D845002B3716 /* Build configuration list for PBXProject "MessingAround" */ = {
			isa = XCConfigurationList;
			buildConfigurations = (
				B11677ED1F75D845002B3716 /* Debug */,
				B11677EE1F75D845002B3716 /* Release */,
			);
			defaultConfigurationIsVisible = 0;
			defaultConfigurationName = Release;
		};
		B11677EF1F75D845002B3716 /* Build configuration list for PBXNativeTarget "MessingAround" */ = {
			isa = XCConfigurationList;
			buildConfigurations = (
				B11677F01F75D845002B3716 /* Debug */,
				B11677F11F75D845002B3716 /* Release */,
			);
			defaultConfigurationIsVisible = 0;
		};
/* End XCConfigurationList section */
	};
	rootObject = B11677E01F75D845002B3716 /* Project object */;
}
